<?xml version="1.0" encoding="utf-8"?>
<Project ToolsVersion="4.0" xmlns="http://schemas.microsoft.com/developer/msbuild/2003">
  <ItemGroup>
    <ClCompile Include="$(MSBuildThisFileDirectory)DallasTemperature.cpp" />
  </ItemGroup>
  <ItemGroup>
    <ClInclude Include="$(MSBuildThisFileDirectory)DallasTemperature.h" />
  </ItemGroup>
  <ItemGroup>
    <None Include="$(MSBuildThisFileDirectory).gitignore" />
    <None Include="$(MSBuildThisFileDirectory)library.json" />
    <None Include="$(MSBuildThisFileDirectory)README (1).md" />
  </ItemGroup>
  <ItemGroup>
    <Text Include="$(MSBuildThisFileDirectory)change (1).txt" />
    <Text Include="$(MSBuildThisFileDirectory)change.txt" />
    <Text Include="$(MSBuildThisFileDirectory)keywords (1).txt" />
    <Text Include="$(MSBuildThisFileDirectory)keywords.txt" />
    <Text Include="$(MSBuildThisFileDirectory)library.properties" />
    <Text Include="$(MSBuildThisFileDirectory)_gitignore.txt" />
  </ItemGroup>
</Project>